Frontend GraphQL Backend Opportunities don't happen. You create them. React Kubernetes Virtual Machines Artificial Intelligence Code Review
Event-driven Architecture DNS Routing Docker NLP Success is not in what you have, but who you are. Content Delivery Network Sharding Data Pipeline Framework Stay hungry, stay foolish. JWT Cloud Replica Set
