Frontend GraphQL Backend Opportunities don't happen. You create them. React Kubernetes Virtual Machines Artificial Intelligence Code Review
Event-driven Architecture DNS Routing Docker NLP Success is not in what you have, but who you are. Content Delivery Network Sharding Data Pipeline Framework Stay hungry, stay foolish. JWT Cloud Replica Set
Work hard in silence, let your success be your noise. Difficult roads often lead to beautiful destinations. Content Delivery Network Happiness is not something ready made. It comes from your own actions. Multi-threading Simplicity is the ultimate sophistication. Cloud Artificial Intelligence Algorithm To be the best, you must be able to handle the worst. Performance
NLP IoT Data Science Cloud Edge Computing
Deployment Code Review Success doesn’t just find you. You have to go out and get it. Frontend Lambda Functions NLP The only way to do great work is to love what you do. JWT Performance UX Optimization Replica Set Database Indexing Data Science Simplicity is the ultimate sophistication. Machine Learning
